
Microsoft Visual Studio Solution File, Format Version 12.00
# Visual Studio 15
VisualStudioVersion = 15.0.28307.168
MinimumVisualStudioVersion = 10.0.40219.1
Project("{FAE04EC0-301F-11D3-BF4B-00C04F79EFBC}") = "BobAwesome", "Deliverable6\BobAwesome.csproj", "{3F04D888-CC00-447A-9070-2094D4870351}"
EndProject
Project("{FAE04EC0-301F-11D3-BF4B-00C04F79EFBC}") = "CoreObjects", "CoreObjects\CoreObjects.csproj", "{FC3686E0-FA41-4453-9B60-F4B633718DB8}"
EndProject
Global
	GlobalSection(SolutionConfigurationPlatforms) = preSolution
		Debug|Any CPU = Debug|Any CPU
		Release|Any CPU = Release|Any CPU
	EndGlobalSection
	GlobalSection(ProjectConfigurationPlatforms) = postSolution
		{3F04D888-CC00-447A-9070-2094D4870351}.Debug|Any CPU.ActiveCfg = Debug|Any CPU
		{3F04D888-CC00-447A-9070-2094D4870351}.Debug|Any CPU.Build.0 = Debug|Any CPU
		{3F04D888-CC00-447A-9070-2094D4870351}.Release|Any CPU.ActiveCfg = Release|Any CPU
		{3F04D888-CC00-447A-9070-2094D4870351}.Release|Any CPU.Build.0 = Release|Any CPU
		{FC3686E0-FA41-4453-9B60-F4B633718DB8}.Debug|Any CPU.ActiveCfg = Debug|Any CPU
		{FC3686E0-FA41-4453-9B60-F4B633718DB8}.Debug|Any CPU.Build.0 = Debug|Any CPU
		{FC3686E0-FA41-4453-9B60-F4B633718DB8}.Release|Any CPU.ActiveCfg = Release|Any CPU
		{FC3686E0-FA41-4453-9B60-F4B633718DB8}.Release|Any CPU.Build.0 = Release|Any CPU
	EndGlobalSection
	GlobalSection(SolutionProperties) = preSolution
		HideSolutionNode = FALSE
	EndGlobalSection
	GlobalSection(ExtensibilityGlobals) = postSolution
		SolutionGuid = {EBC9DF3C-2C83-4800-A875-388DF17CA9D4}
	EndGlobalSection
EndGlobal
